<Solution>
  <Configurations>
    <Configuration Name="Debug|Any CPU" />
    <Configuration Name="Release|Any CPU" />
  </Configurations>
  <Properties>
    <Property Name="StartupProject">API\API.csproj</Property>
  </Properties>
  <Project Path="Abstracciones/Abstracciones.csproj" />
  <Project Path="API/API.csproj" />
  <Project Path="BD/BD.sqlproj" Id="fb8dce75-d102-452e-8b80-7fb7bfe2db56">
    <Build />
    <Deploy />
  </Project>
  <Project Path="DA/DA.csproj" />
  <Project Path="Flujo/Flujo.csproj" />
</Solution>